
Microsoft Visual Studio Solution File, Format Version 12.00
# Visual Studio 15
Project("{FAE04EC0-301F-11D3-BF4B-00C04F79EFBC}") = "Assembly-CSharp-Editor", "Assembly-CSharp-Editor.csproj", "{76FE159D-5055-FB7B-EC8E-B8F12308CDAB}"
EndProject
Project("{FAE04EC0-301F-11D3-BF4B-00C04F79EFBC}") = "Assembly-CSharp", "Assembly-CSharp.csproj", "{A433E817-6E37-AEA1-68E6-AED9AC218698}"
EndProject
Global
	GlobalSection(SolutionConfigurationPlatforms) = preSolution
		Debug|Any CPU = Debug|Any CPU
		Release|Any CPU = Release|Any CPU
	EndGlobalSection
	GlobalSection(ProjectConfigurationPlatforms) = postSolution
		{76FE159D-5055-FB7B-EC8E-B8F12308CDAB}.Debug|Any CPU.ActiveCfg = Debug|Any CPU
		{76FE159D-5055-FB7B-EC8E-B8F12308CDAB}.Debug|Any CPU.Build.0 = Debug|Any CPU
		{76FE159D-5055-FB7B-EC8E-B8F12308CDAB}.Release|Any CPU.ActiveCfg = Release|Any CPU
		{76FE159D-5055-FB7B-EC8E-B8F12308CDAB}.Release|Any CPU.Build.0 = Release|Any CPU
		{A433E817-6E37-AEA1-68E6-AED9AC218698}.Debug|Any CPU.ActiveCfg = Debug|Any CPU
		{A433E817-6E37-AEA1-68E6-AED9AC218698}.Debug|Any CPU.Build.0 = Debug|Any CPU
		{A433E817-6E37-AEA1-68E6-AED9AC218698}.Release|Any CPU.ActiveCfg = Release|Any CPU
		{A433E817-6E37-AEA1-68E6-AED9AC218698}.Release|Any CPU.Build.0 = Release|Any CPU
	EndGlobalSection
	GlobalSection(SolutionProperties) = preSolution
		HideSolutionNode = FALSE
	EndGlobalSection
EndGlobal
